
Microsoft Visual Studio Solution File, Format Version 12.00
# Visual Studio Version 17
VisualStudioVersion = 17.4.33213.308
MinimumVisualStudioVersion = 10.0.40219.1
Project("{FAE04EC0-301F-11D3-BF4B-00C04F79EFBC}") = "Lesson 5 hw", "Lesson 5 hw\Lesson 5 hw.csproj", "{DA8CE81C-303E-4B64-8695-AC35963A2C67}"
EndProject
Global
	GlobalSection(SolutionConfigurationPlatforms) = preSolution
		Debug|Any CPU = Debug|Any CPU
		Release|Any CPU = Release|Any CPU
	EndGlobalSection
	GlobalSection(ProjectConfigurationPlatforms) = postSolution
		{DA8CE81C-303E-4B64-8695-AC35963A2C67}.Debug|Any CPU.ActiveCfg = Debug|Any CPU
		{DA8CE81C-303E-4B64-8695-AC35963A2C67}.Debug|Any CPU.Build.0 = Debug|Any CPU
		{DA8CE81C-303E-4B64-8695-AC35963A2C67}.Release|Any CPU.ActiveCfg = Release|Any CPU
		{DA8CE81C-303E-4B64-8695-AC35963A2C67}.Release|Any CPU.Build.0 = Release|Any CPU
	EndGlobalSection
	GlobalSection(SolutionProperties) = preSolution
		HideSolutionNode = FALSE
	EndGlobalSection
	GlobalSection(ExtensibilityGlobals) = postSolution
		SolutionGuid = {9A9E1F87-CF0B-4B11-9099-2CDAF37FB47F}
	EndGlobalSection
EndGlobal
